
Microsoft Visual Studio Solution File, Format Version 12.00
# Visual Studio Version 17
VisualStudioVersion = 17.3.32825.248
MinimumVisualStudioVersion = 10.0.40219.1
Project("{9A19103F-16F7-4668-BE54-9A1E7A4F7556}") = "MTGProxyTutorNet", "MTGProxyTutorNet\MTGProxyTutorNet.csproj", "{24D10BFB-E57C-4720-AACE-7AAB68DD0837}"
EndProject
Project("{9A19103F-16F7-4668-BE54-9A1E7A4F7556}") = "MTGProxyTutorNet.Contracts", "MTGProxyTutorNet.Contracts\MTGProxyTutorNet.Contracts.csproj", "{C99F4D52-F5AF-454D-B36A-A7E0DEF04792}"
EndProject
Project("{9A19103F-16F7-4668-BE54-9A1E7A4F7556}") = "MTGProxyTutorNet.BusinessLogic", "MTGProxyTutorNet.BusinessLogic\MTGProxyTutorNet.BusinessLogic.csproj", "{3EE56869-2EC8-4AB2-96B6-E87F40AD0C53}"
EndProject
Project("{9A19103F-16F7-4668-BE54-9A1E7A4F7556}") = "MTGProxyTutorNet.DataGathering", "MTGProxyTutorNet.DataGathering\MTGProxyTutorNet.DataGathering.csproj", "{0A55D11F-ED22-4B8F-AA0E-0F50EDD59143}"
EndProject
Project("{FAE04EC0-301F-11D3-BF4B-00C04F79EFBC}") = "MTGProxyTutorNet.BusinessLogic.Contracts", "MTGProxyTutorNet.BusinessLogic.Contracts\MTGProxyTutorNet.BusinessLogic.Contracts.csproj", "{0C65DFD2-3861-4E21-851D-EF60F043669B}"
EndProject
Project("{FAE04EC0-301F-11D3-BF4B-00C04F79EFBC}") = "MTGProxyTutorNet.DataGathering.Contracts", "MTGProxyTutorNet.DataGathering.Contracts\MTGProxyTutorNet.DataGathering.Contracts.csproj", "{02533F86-CD0A-44B2-BA54-19D2BD6DCCE7}"
EndProject
Global
	GlobalSection(SolutionConfigurationPlatforms) = preSolution
		Debug|Any CPU = Debug|Any CPU
		Release|Any CPU = Release|Any CPU
	EndGlobalSection
	GlobalSection(ProjectConfigurationPlatforms) = postSolution
		{24D10BFB-E57C-4720-AACE-7AAB68DD0837}.Debug|Any CPU.ActiveCfg = Debug|Any CPU
		{24D10BFB-E57C-4720-AACE-7AAB68DD0837}.Debug|Any CPU.Build.0 = Debug|Any CPU
		{24D10BFB-E57C-4720-AACE-7AAB68DD0837}.Release|Any CPU.ActiveCfg = Release|Any CPU
		{24D10BFB-E57C-4720-AACE-7AAB68DD0837}.Release|Any CPU.Build.0 = Release|Any CPU
		{C99F4D52-F5AF-454D-B36A-A7E0DEF04792}.Debug|Any CPU.ActiveCfg = Debug|Any CPU
		{C99F4D52-F5AF-454D-B36A-A7E0DEF04792}.Debug|Any CPU.Build.0 = Debug|Any CPU
		{C99F4D52-F5AF-454D-B36A-A7E0DEF04792}.Release|Any CPU.ActiveCfg = Release|Any CPU
		{C99F4D52-F5AF-454D-B36A-A7E0DEF04792}.Release|Any CPU.Build.0 = Release|Any CPU
		{3EE56869-2EC8-4AB2-96B6-E87F40AD0C53}.Debug|Any CPU.ActiveCfg = Debug|Any CPU
		{3EE56869-2EC8-4AB2-96B6-E87F40AD0C53}.Debug|Any CPU.Build.0 = Debug|Any CPU
		{3EE56869-2EC8-4AB2-96B6-E87F40AD0C53}.Release|Any CPU.ActiveCfg = Release|Any CPU
		{3EE56869-2EC8-4AB2-96B6-E87F40AD0C53}.Release|Any CPU.Build.0 = Release|Any CPU
		{0A55D11F-ED22-4B8F-AA0E-0F50EDD59143}.Debug|Any CPU.ActiveCfg = Debug|Any CPU
		{0A55D11F-ED22-4B8F-AA0E-0F50EDD59143}.Debug|Any CPU.Build.0 = Debug|Any CPU
		{0A55D11F-ED22-4B8F-AA0E-0F50EDD59143}.Release|Any CPU.ActiveCfg = Release|Any CPU
		{0A55D11F-ED22-4B8F-AA0E-0F50EDD59143}.Release|Any CPU.Build.0 = Release|Any CPU
		{0C65DFD2-3861-4E21-851D-EF60F043669B}.Debug|Any CPU.ActiveCfg = Debug|Any CPU
		{0C65DFD2-3861-4E21-851D-EF60F043669B}.Debug|Any CPU.Build.0 = Debug|Any CPU
		{0C65DFD2-3861-4E21-851D-EF60F043669B}.Release|Any CPU.ActiveCfg = Release|Any CPU
		{0C65DFD2-3861-4E21-851D-EF60F043669B}.Release|Any CPU.Build.0 = Release|Any CPU
		{02533F86-CD0A-44B2-BA54-19D2BD6DCCE7}.Debug|Any CPU.ActiveCfg = Debug|Any CPU
		{02533F86-CD0A-44B2-BA54-19D2BD6DCCE7}.Debug|Any CPU.Build.0 = Debug|Any CPU
		{02533F86-CD0A-44B2-BA54-19D2BD6DCCE7}.Release|Any CPU.ActiveCfg = Release|Any CPU
		{02533F86-CD0A-44B2-BA54-19D2BD6DCCE7}.Release|Any CPU.Build.0 = Release|Any CPU
	EndGlobalSection
	GlobalSection(SolutionProperties) = preSolution
		HideSolutionNode = FALSE
	EndGlobalSection
	GlobalSection(ExtensibilityGlobals) = postSolution
		SolutionGuid = {9D413732-00E3-4A6A-B879-043B2C663FCF}
	EndGlobalSection
EndGlobal
